<?xml version="1.0" encoding="utf-8"?>
<Project ToolsVersion="4.0" xmlns="http://schemas.microsoft.com/developer/msbuild/2003">
  <ItemGroup>
    <Filter Include="Assets">
      <UniqueIdentifier>{f24d9f9b-d911-4a1e-88c1-997b49fcc252}</UniqueIdentifier>
    </Filter>
    <Filter Include="Assets\Music">
      <UniqueIdentifier>{72e05db1-def6-4e58-8d20-d3c0fe7d5efd}</UniqueIdentifier>
    </Filter>
  </ItemGroup>
  <ItemGroup>
    <Image Include="..\Assets\game_over.png">
      <Filter>Assets</Filter>
    </Image>
    <Image Include="..\Assets\ghost_dead.png">
      <Filter>Assets</Filter>
    </Image>
    <Image Include="..\Assets\ghost_flee.png">
      <Filter>Assets</Filter>
    </Image>
    <Image Include="..\Assets\ghost_move_blue.png">
      <Filter>Assets</Filter>
    </Image>
    <Image Include="..\Assets\ghost_move_orange.png">
      <Filter>Assets</Filter>
    </Image>
    <Image Include="..\Assets\ghost_move_pink.png">
      <Filter>Assets</Filter>
    </Image>
    <Image Include="..\Assets\ghost_move_red.png">
      <Filter>Assets</Filter>
    </Image>
    <Image Include="..\Assets\kaipi_scene.png">
      <Filter>Assets</Filter>
    </Image>
    <Image Include="..\Assets\pacman_die.png">
      <Filter>Assets</Filter>
    </Image>
    <Image Include="..\Assets\pacman_generalSprites.png">
      <Filter>Assets</Filter>
    </Image>
    <Image Include="..\Assets\pacman_move.png">
      <Filter>Assets</Filter>
    </Image>
    <Image Include="..\Assets\pacman_tile.png">
      <Filter>Assets</Filter>
    </Image>
    <Image Include="..\Assets\pacman_tile_cut.png">
      <Filter>Assets</Filter>
    </Image>
    <Image Include="..\Assets\settings.png">
      <Filter>Assets</Filter>
    </Image>
    <Image Include="..\Assets\settings2.png">
      <Filter>Assets</Filter>
    </Image>
    <Image Include="..\Assets\title.png">
      <Filter>Assets</Filter>
    </Image>
    <Image Include="..\Assets\volumn_bigger_1.png">
      <Filter>Assets</Filter>
    </Image>
    <Image Include="..\Assets\volumn_bigger_2.png">
      <Filter>Assets</Filter>
    </Image>
    <Image Include="..\Assets\volumn_mute_1.png">
      <Filter>Assets</Filter>
    </Image>
    <Image Include="..\Assets\volumn_mute_2.png">
      <Filter>Assets</Filter>
    </Image>
    <Image Include="..\Assets\volumn_smaller_1.png">
      <Filter>Assets</Filter>
    </Image>
    <Image Include="..\Assets\volumn_smaller_2.png">
      <Filter>Assets</Filter>
    </Image>
  </ItemGroup>
  <ItemGroup>
    <Text Include="..\Assets\map_nthu.txt">
      <Filter>Assets</Filter>
    </Text>
  </ItemGroup>
  <ItemGroup>
    <Font Include="..\Assets\Minecraft.ttf">
      <Filter>Assets</Filter>
    </Font>
    <Font Include="..\Assets\OpenSans-Regular.ttf">
      <Filter>Assets</Filter>
    </Font>
  </ItemGroup>
  <ItemGroup>
    <None Include="..\Assets\Music\dead_sound_effect.ogg">
      <Filter>Assets\Music</Filter>
    </None>
    <None Include="..\Assets\Music\hide_scene_effect.ogg">
      <Filter>Assets\Music</Filter>
    </None>
    <None Include="..\Assets\Music\original_theme.ogg">
      <Filter>Assets\Music</Filter>
    </None>
    <None Include="..\Assets\Music\pacman_death.ogg">
      <Filter>Assets\Music</Filter>
    </None>
    <None Include="..\Assets\Music\pacman_eatfruit.ogg">
      <Filter>Assets\Music</Filter>
    </None>
    <None Include="..\Assets\Music\pacman_eatghost.ogg">
      <Filter>Assets\Music</Filter>
    </None>
    <None Include="..\Assets\Music\pacman_intermission.ogg">
      <Filter>Assets\Music</Filter>
    </None>
    <None Include="..\Assets\Music\pacman-chomp.ogg">
      <Filter>Assets\Music</Filter>
    </None>
    <None Include="packages.config" />
  </ItemGroup>
  <ItemGroup>
    <ClCompile Include="..\Code\game.c" />
    <ClCompile Include="..\Code\ghost.c" />
    <ClCompile Include="..\Code\ghost_red_move_script.c" />
    <ClCompile Include="..\Code\main.c" />
    <ClCompile Include="..\Code\map.c" />
    <ClCompile Include="..\Code\pacman_obj.c" />
    <ClCompile Include="..\Code\scene_game.c" />
    <ClCompile Include="..\Code\scene_menu.c" />
    <ClCompile Include="..\Code\scene_menu_object.c" />
    <ClCompile Include="..\Code\scene_settings.c" />
    <ClCompile Include="..\Code\shared.c" />
    <ClCompile Include="..\Code\utility.c" />
  </ItemGroup>
  <ItemGroup>
    <ClInclude Include="..\Code\game.h" />
    <ClInclude Include="..\Code\ghost.h" />
    <ClInclude Include="..\Code\map.h" />
    <ClInclude Include="..\Code\pacman_obj.h" />
    <ClInclude Include="..\Code\scene_game.h" />
    <ClInclude Include="..\Code\scene_menu.h" />
    <ClInclude Include="..\Code\scene_menu_object.h" />
    <ClInclude Include="..\Code\scene_settings.h" />
    <ClInclude Include="..\Code\shared.h" />
    <ClInclude Include="..\Code\utility.h" />
  </ItemGroup>
</Project>